
Microsoft Visual Studio Solution File, Format Version 12.00
# Visual Studio Version 17
VisualStudioVersion = 17.0.31717.71
MinimumVisualStudioVersion = 15.0.26124.0
Project("{9A19103F-16F7-4668-BE54-9A1E7A4F7556}") = "Medo", "Medo\Medo.csproj", "{B2DB86D2-45BC-4CD1-A4B5-21CF38D317EC}"
EndProject
Project("{9A19103F-16F7-4668-BE54-9A1E7A4F7556}") = "Tests.Medo", "..\tests\Tests.Medo\Tests.Medo.csproj", "{B52770FE-1E94-4AF8-A961-7D957EB3D65E}"
EndProject
Project("{9A19103F-16F7-4668-BE54-9A1E7A4F7556}") = "Examples.Medo", "..\examples\Examples.Medo\Examples.Medo.csproj", "{4576F08B-1800-4D8B-9663-1D45C9DEDD80}"
EndProject
Project("{9A19103F-16F7-4668-BE54-9A1E7A4F7556}") = "Medo.Device", "Medo.Device\Medo.Device.csproj", "{EBA56511-0493-4CF5-AFBD-98F11124ED9B}"
EndProject
Project("{2150E333-8FDC-42A3-9474-1A3956D46DE8}") = "Examples", "Examples", "{4F42D0BA-75C6-4C28-A4E8-177AD1342535}"
EndProject
Project("{2150E333-8FDC-42A3-9474-1A3956D46DE8}") = "Tests", "Tests", "{0F17F621-E6C6-4D80-839F-000B9D5BC5FC}"
EndProject
Project("{9A19103F-16F7-4668-BE54-9A1E7A4F7556}") = "Tests.Medo.Device", "..\tests\Tests.Medo.Device\Tests.Medo.Device.csproj", "{5B43895E-CBF6-44B0-AC62-C0E6EB787625}"
EndProject
Project("{9A19103F-16F7-4668-BE54-9A1E7A4F7556}") = "Examples.Medo.Device.BearBus", "..\examples\Examples.Medo.Device.BearBus\Examples.Medo.Device.BearBus.csproj", "{085353B4-6482-408E-97BC-60C83F07581A}"
EndProject
Project("{9A19103F-16F7-4668-BE54-9A1E7A4F7556}") = "BearBusMonitor", "..\examples\BearBusMonitor\BearBusMonitor.csproj", "{E5524CC5-6FB4-4289-A970-506223A08C9B}"
EndProject
Project("{9A19103F-16F7-4668-BE54-9A1E7A4F7556}") = "SingleInstanceApplication", "..\examples\SingleInstanceApplication\SingleInstanceApplication.csproj", "{41FDBAB1-E1EF-4E0E-841F-A59683A4CE6B}"
EndProject
Global
	GlobalSection(SolutionConfigurationPlatforms) = preSolution
		Debug|Any CPU = Debug|Any CPU
		Debug|x64 = Debug|x64
		Debug|x86 = Debug|x86
		Release|Any CPU = Release|Any CPU
		Release|x64 = Release|x64
		Release|x86 = Release|x86
	EndGlobalSection
	GlobalSection(ProjectConfigurationPlatforms) = postSolution
		{B2DB86D2-45BC-4CD1-A4B5-21CF38D317EC}.Debug|Any CPU.ActiveCfg = Debug|Any CPU
		{B2DB86D2-45BC-4CD1-A4B5-21CF38D317EC}.Debug|Any CPU.Build.0 = Debug|Any CPU
		{B2DB86D2-45BC-4CD1-A4B5-21CF38D317EC}.Debug|x64.ActiveCfg = Debug|Any CPU
		{B2DB86D2-45BC-4CD1-A4B5-21CF38D317EC}.Debug|x64.Build.0 = Debug|Any CPU
		{B2DB86D2-45BC-4CD1-A4B5-21CF38D317EC}.Debug|x86.ActiveCfg = Debug|Any CPU
		{B2DB86D2-45BC-4CD1-A4B5-21CF38D317EC}.Debug|x86.Build.0 = Debug|Any CPU
		{B2DB86D2-45BC-4CD1-A4B5-21CF38D317EC}.Release|Any CPU.ActiveCfg = Release|Any CPU
		{B2DB86D2-45BC-4CD1-A4B5-21CF38D317EC}.Release|Any CPU.Build.0 = Release|Any CPU
		{B2DB86D2-45BC-4CD1-A4B5-21CF38D317EC}.Release|x64.ActiveCfg = Release|Any CPU
		{B2DB86D2-45BC-4CD1-A4B5-21CF38D317EC}.Release|x64.Build.0 = Release|Any CPU
		{B2DB86D2-45BC-4CD1-A4B5-21CF38D317EC}.Release|x86.ActiveCfg = Release|Any CPU
		{B2DB86D2-45BC-4CD1-A4B5-21CF38D317EC}.Release|x86.Build.0 = Release|Any CPU
		{B52770FE-1E94-4AF8-A961-7D957EB3D65E}.Debug|Any CPU.ActiveCfg = Debug|Any CPU
		{B52770FE-1E94-4AF8-A961-7D957EB3D65E}.Debug|Any CPU.Build.0 = Debug|Any CPU
		{B52770FE-1E94-4AF8-A961-7D957EB3D65E}.Debug|x64.ActiveCfg = Debug|Any CPU
		{B52770FE-1E94-4AF8-A961-7D957EB3D65E}.Debug|x64.Build.0 = Debug|Any CPU
		{B52770FE-1E94-4AF8-A961-7D957EB3D65E}.Debug|x86.ActiveCfg = Debug|Any CPU
		{B52770FE-1E94-4AF8-A961-7D957EB3D65E}.Debug|x86.Build.0 = Debug|Any CPU
		{B52770FE-1E94-4AF8-A961-7D957EB3D65E}.Release|Any CPU.ActiveCfg = Release|Any CPU
		{B52770FE-1E94-4AF8-A961-7D957EB3D65E}.Release|Any CPU.Build.0 = Release|Any CPU
		{B52770FE-1E94-4AF8-A961-7D957EB3D65E}.Release|x64.ActiveCfg = Release|Any CPU
		{B52770FE-1E94-4AF8-A961-7D957EB3D65E}.Release|x64.Build.0 = Release|Any CPU
		{B52770FE-1E94-4AF8-A961-7D957EB3D65E}.Release|x86.ActiveCfg = Release|Any CPU
		{B52770FE-1E94-4AF8-A961-7D957EB3D65E}.Release|x86.Build.0 = Release|Any CPU
		{4576F08B-1800-4D8B-9663-1D45C9DEDD80}.Debug|Any CPU.ActiveCfg = Debug|Any CPU
		{4576F08B-1800-4D8B-9663-1D45C9DEDD80}.Debug|Any CPU.Build.0 = Debug|Any CPU
		{4576F08B-1800-4D8B-9663-1D45C9DEDD80}.Debug|x64.ActiveCfg = Debug|Any CPU
		{4576F08B-1800-4D8B-9663-1D45C9DEDD80}.Debug|x64.Build.0 = Debug|Any CPU
		{4576F08B-1800-4D8B-9663-1D45C9DEDD80}.Debug|x86.ActiveCfg = Debug|Any CPU
		{4576F08B-1800-4D8B-9663-1D45C9DEDD80}.Debug|x86.Build.0 = Debug|Any CPU
		{4576F08B-1800-4D8B-9663-1D45C9DEDD80}.Release|Any CPU.ActiveCfg = Release|Any CPU
		{4576F08B-1800-4D8B-9663-1D45C9DEDD80}.Release|Any CPU.Build.0 = Release|Any CPU
		{4576F08B-1800-4D8B-9663-1D45C9DEDD80}.Release|x64.ActiveCfg = Release|Any CPU
		{4576F08B-1800-4D8B-9663-1D45C9DEDD80}.Release|x64.Build.0 = Release|Any CPU
		{4576F08B-1800-4D8B-9663-1D45C9DEDD80}.Release|x86.ActiveCfg = Release|Any CPU
		{4576F08B-1800-4D8B-9663-1D45C9DEDD80}.Release|x86.Build.0 = Release|Any CPU
		{EBA56511-0493-4CF5-AFBD-98F11124ED9B}.Debug|Any CPU.ActiveCfg = Debug|Any CPU
		{EBA56511-0493-4CF5-AFBD-98F11124ED9B}.Debug|Any CPU.Build.0 = Debug|Any CPU
		{EBA56511-0493-4CF5-AFBD-98F11124ED9B}.Debug|x64.ActiveCfg = Debug|Any CPU
		{EBA56511-0493-4CF5-AFBD-98F11124ED9B}.Debug|x64.Build.0 = Debug|Any CPU
		{EBA56511-0493-4CF5-AFBD-98F11124ED9B}.Debug|x86.ActiveCfg = Debug|Any CPU
		{EBA56511-0493-4CF5-AFBD-98F11124ED9B}.Debug|x86.Build.0 = Debug|Any CPU
		{EBA56511-0493-4CF5-AFBD-98F11124ED9B}.Release|Any CPU.ActiveCfg = Release|Any CPU
		{EBA56511-0493-4CF5-AFBD-98F11124ED9B}.Release|Any CPU.Build.0 = Release|Any CPU
		{EBA56511-0493-4CF5-AFBD-98F11124ED9B}.Release|x64.ActiveCfg = Release|Any CPU
		{EBA56511-0493-4CF5-AFBD-98F11124ED9B}.Release|x64.Build.0 = Release|Any CPU
		{EBA56511-0493-4CF5-AFBD-98F11124ED9B}.Release|x86.ActiveCfg = Release|Any CPU
		{EBA56511-0493-4CF5-AFBD-98F11124ED9B}.Release|x86.Build.0 = Release|Any CPU
		{5B43895E-CBF6-44B0-AC62-C0E6EB787625}.Debug|Any CPU.ActiveCfg = Debug|Any CPU
		{5B43895E-CBF6-44B0-AC62-C0E6EB787625}.Debug|Any CPU.Build.0 = Debug|Any CPU
		{5B43895E-CBF6-44B0-AC62-C0E6EB787625}.Debug|x64.ActiveCfg = Debug|Any CPU
		{5B43895E-CBF6-44B0-AC62-C0E6EB787625}.Debug|x64.Build.0 = Debug|Any CPU
		{5B43895E-CBF6-44B0-AC62-C0E6EB787625}.Debug|x86.ActiveCfg = Debug|Any CPU
		{5B43895E-CBF6-44B0-AC62-C0E6EB787625}.Debug|x86.Build.0 = Debug|Any CPU
		{5B43895E-CBF6-44B0-AC62-C0E6EB787625}.Release|Any CPU.ActiveCfg = Release|Any CPU
		{5B43895E-CBF6-44B0-AC62-C0E6EB787625}.Release|Any CPU.Build.0 = Release|Any CPU
		{5B43895E-CBF6-44B0-AC62-C0E6EB787625}.Release|x64.ActiveCfg = Release|Any CPU
		{5B43895E-CBF6-44B0-AC62-C0E6EB787625}.Release|x64.Build.0 = Release|Any CPU
		{5B43895E-CBF6-44B0-AC62-C0E6EB787625}.Release|x86.ActiveCfg = Release|Any CPU
		{5B43895E-CBF6-44B0-AC62-C0E6EB787625}.Release|x86.Build.0 = Release|Any CPU
		{085353B4-6482-408E-97BC-60C83F07581A}.Debug|Any CPU.ActiveCfg = Debug|Any CPU
		{085353B4-6482-408E-97BC-60C83F07581A}.Debug|Any CPU.Build.0 = Debug|Any CPU
		{085353B4-6482-408E-97BC-60C83F07581A}.Debug|x64.ActiveCfg = Debug|Any CPU
		{085353B4-6482-408E-97BC-60C83F07581A}.Debug|x64.Build.0 = Debug|Any CPU
		{085353B4-6482-408E-97BC-60C83F07581A}.Debug|x86.ActiveCfg = Debug|Any CPU
		{085353B4-6482-408E-97BC-60C83F07581A}.Debug|x86.Build.0 = Debug|Any CPU
		{085353B4-6482-408E-97BC-60C83F07581A}.Release|Any CPU.ActiveCfg = Release|Any CPU
		{085353B4-6482-408E-97BC-60C83F07581A}.Release|Any CPU.Build.0 = Release|Any CPU
		{085353B4-6482-408E-97BC-60C83F07581A}.Release|x64.ActiveCfg = Release|Any CPU
		{085353B4-6482-408E-97BC-60C83F07581A}.Release|x64.Build.0 = Release|Any CPU
		{085353B4-6482-408E-97BC-60C83F07581A}.Release|x86.ActiveCfg = Release|Any CPU
		{085353B4-6482-408E-97BC-60C83F07581A}.Release|x86.Build.0 = Release|Any CPU
		{E5524CC5-6FB4-4289-A970-506223A08C9B}.Debug|Any CPU.ActiveCfg = Debug|Any CPU
		{E5524CC5-6FB4-4289-A970-506223A08C9B}.Debug|Any CPU.Build.0 = Debug|Any CPU
		{E5524CC5-6FB4-4289-A970-506223A08C9B}.Debug|x64.ActiveCfg = Debug|Any CPU
		{E5524CC5-6FB4-4289-A970-506223A08C9B}.Debug|x64.Build.0 = Debug|Any CPU
		{E5524CC5-6FB4-4289-A970-506223A08C9B}.Debug|x86.ActiveCfg = Debug|Any CPU
		{E5524CC5-6FB4-4289-A970-506223A08C9B}.Debug|x86.Build.0 = Debug|Any CPU
		{E5524CC5-6FB4-4289-A970-506223A08C9B}.Release|Any CPU.ActiveCfg = Release|Any CPU
		{E5524CC5-6FB4-4289-A970-506223A08C9B}.Release|Any CPU.Build.0 = Release|Any CPU
		{E5524CC5-6FB4-4289-A970-506223A08C9B}.Release|x64.ActiveCfg = Release|Any CPU
		{E5524CC5-6FB4-4289-A970-506223A08C9B}.Release|x64.Build.0 = Release|Any CPU
		{E5524CC5-6FB4-4289-A970-506223A08C9B}.Release|x86.ActiveCfg = Release|Any CPU
		{E5524CC5-6FB4-4289-A970-506223A08C9B}.Release|x86.Build.0 = Release|Any CPU
		{753D366D-69B1-48AF-B535-2082CF26F0C7}.Debug|Any CPU.ActiveCfg = Debug|Any CPU
		{753D366D-69B1-48AF-B535-2082CF26F0C7}.Debug|Any CPU.Build.0 = Debug|Any CPU
		{753D366D-69B1-48AF-B535-2082CF26F0C7}.Debug|x64.ActiveCfg = Debug|Any CPU
		{753D366D-69B1-48AF-B535-2082CF26F0C7}.Debug|x64.Build.0 = Debug|Any CPU
		{753D366D-69B1-48AF-B535-2082CF26F0C7}.Debug|x86.ActiveCfg = Debug|Any CPU
		{753D366D-69B1-48AF-B535-2082CF26F0C7}.Debug|x86.Build.0 = Debug|Any CPU
		{753D366D-69B1-48AF-B535-2082CF26F0C7}.Release|Any CPU.ActiveCfg = Release|Any CPU
		{753D366D-69B1-48AF-B535-2082CF26F0C7}.Release|Any CPU.Build.0 = Release|Any CPU
		{753D366D-69B1-48AF-B535-2082CF26F0C7}.Release|x64.ActiveCfg = Release|Any CPU
		{753D366D-69B1-48AF-B535-2082CF26F0C7}.Release|x64.Build.0 = Release|Any CPU
		{753D366D-69B1-48AF-B535-2082CF26F0C7}.Release|x86.ActiveCfg = Release|Any CPU
		{753D366D-69B1-48AF-B535-2082CF26F0C7}.Release|x86.Build.0 = Release|Any CPU
		{A565AC18-5AC5-4456-BD21-1CE975A12189}.Debug|Any CPU.ActiveCfg = Debug|Any CPU
		{A565AC18-5AC5-4456-BD21-1CE975A12189}.Debug|Any CPU.Build.0 = Debug|Any CPU
		{A565AC18-5AC5-4456-BD21-1CE975A12189}.Debug|x64.ActiveCfg = Debug|Any CPU
		{A565AC18-5AC5-4456-BD21-1CE975A12189}.Debug|x64.Build.0 = Debug|Any CPU
		{A565AC18-5AC5-4456-BD21-1CE975A12189}.Debug|x86.ActiveCfg = Debug|Any CPU
		{A565AC18-5AC5-4456-BD21-1CE975A12189}.Debug|x86.Build.0 = Debug|Any CPU
		{A565AC18-5AC5-4456-BD21-1CE975A12189}.Release|Any CPU.ActiveCfg = Release|Any CPU
		{A565AC18-5AC5-4456-BD21-1CE975A12189}.Release|Any CPU.Build.0 = Release|Any CPU
		{A565AC18-5AC5-4456-BD21-1CE975A12189}.Release|x64.ActiveCfg = Release|Any CPU
		{A565AC18-5AC5-4456-BD21-1CE975A12189}.Release|x64.Build.0 = Release|Any CPU
		{A565AC18-5AC5-4456-BD21-1CE975A12189}.Release|x86.ActiveCfg = Release|Any CPU
		{A565AC18-5AC5-4456-BD21-1CE975A12189}.Release|x86.Build.0 = Release|Any CPU
		{41FDBAB1-E1EF-4E0E-841F-A59683A4CE6B}.Debug|Any CPU.ActiveCfg = Debug|Any CPU
		{41FDBAB1-E1EF-4E0E-841F-A59683A4CE6B}.Debug|Any CPU.Build.0 = Debug|Any CPU
		{41FDBAB1-E1EF-4E0E-841F-A59683A4CE6B}.Debug|x64.ActiveCfg = Debug|Any CPU
		{41FDBAB1-E1EF-4E0E-841F-A59683A4CE6B}.Debug|x64.Build.0 = Debug|Any CPU
		{41FDBAB1-E1EF-4E0E-841F-A59683A4CE6B}.Debug|x86.ActiveCfg = Debug|Any CPU
		{41FDBAB1-E1EF-4E0E-841F-A59683A4CE6B}.Debug|x86.Build.0 = Debug|Any CPU
		{41FDBAB1-E1EF-4E0E-841F-A59683A4CE6B}.Release|Any CPU.ActiveCfg = Release|Any CPU
		{41FDBAB1-E1EF-4E0E-841F-A59683A4CE6B}.Release|Any CPU.Build.0 = Release|Any CPU
		{41FDBAB1-E1EF-4E0E-841F-A59683A4CE6B}.Release|x64.ActiveCfg = Release|Any CPU
		{41FDBAB1-E1EF-4E0E-841F-A59683A4CE6B}.Release|x64.Build.0 = Release|Any CPU
		{41FDBAB1-E1EF-4E0E-841F-A59683A4CE6B}.Release|x86.ActiveCfg = Release|Any CPU
		{41FDBAB1-E1EF-4E0E-841F-A59683A4CE6B}.Release|x86.Build.0 = Release|Any CPU
		{0EBC5ED0-A860-4EC1-86D0-7E96A39C1563}.Debug|Any CPU.ActiveCfg = Debug|Any CPU
		{0EBC5ED0-A860-4EC1-86D0-7E96A39C1563}.Debug|Any CPU.Build.0 = Debug|Any CPU
		{0EBC5ED0-A860-4EC1-86D0-7E96A39C1563}.Debug|x64.ActiveCfg = Debug|Any CPU
		{0EBC5ED0-A860-4EC1-86D0-7E96A39C1563}.Debug|x64.Build.0 = Debug|Any CPU
		{0EBC5ED0-A860-4EC1-86D0-7E96A39C1563}.Debug|x86.ActiveCfg = Debug|Any CPU
		{0EBC5ED0-A860-4EC1-86D0-7E96A39C1563}.Debug|x86.Build.0 = Debug|Any CPU
		{0EBC5ED0-A860-4EC1-86D0-7E96A39C1563}.Release|Any CPU.ActiveCfg = Release|Any CPU
		{0EBC5ED0-A860-4EC1-86D0-7E96A39C1563}.Release|Any CPU.Build.0 = Release|Any CPU
		{0EBC5ED0-A860-4EC1-86D0-7E96A39C1563}.Release|x64.ActiveCfg = Release|Any CPU
		{0EBC5ED0-A860-4EC1-86D0-7E96A39C1563}.Release|x64.Build.0 = Release|Any CPU
		{0EBC5ED0-A860-4EC1-86D0-7E96A39C1563}.Release|x86.ActiveCfg = Release|Any CPU
		{0EBC5ED0-A860-4EC1-86D0-7E96A39C1563}.Release|x86.Build.0 = Release|Any CPU
	EndGlobalSection
	GlobalSection(SolutionProperties) = preSolution
		HideSolutionNode = FALSE
	EndGlobalSection
	GlobalSection(NestedProjects) = preSolution
		{B52770FE-1E94-4AF8-A961-7D957EB3D65E} = {0F17F621-E6C6-4D80-839F-000B9D5BC5FC}
		{4576F08B-1800-4D8B-9663-1D45C9DEDD80} = {4F42D0BA-75C6-4C28-A4E8-177AD1342535}
		{5B43895E-CBF6-44B0-AC62-C0E6EB787625} = {0F17F621-E6C6-4D80-839F-000B9D5BC5FC}
		{085353B4-6482-408E-97BC-60C83F07581A} = {4F42D0BA-75C6-4C28-A4E8-177AD1342535}
		{E5524CC5-6FB4-4289-A970-506223A08C9B} = {4F42D0BA-75C6-4C28-A4E8-177AD1342535}
		{A565AC18-5AC5-4456-BD21-1CE975A12189} = {0F17F621-E6C6-4D80-839F-000B9D5BC5FC}
		{41FDBAB1-E1EF-4E0E-841F-A59683A4CE6B} = {4F42D0BA-75C6-4C28-A4E8-177AD1342535}
		{0EBC5ED0-A860-4EC1-86D0-7E96A39C1563} = {4F42D0BA-75C6-4C28-A4E8-177AD1342535}
	EndGlobalSection
	GlobalSection(ExtensibilityGlobals) = postSolution
		SolutionGuid = {14F12047-581B-42E9-BF27-EC1D6068F33D}
	EndGlobalSection
EndGlobal
